
Microsoft Visual Studio Solution File, Format Version 12.00
# Visual Studio 15
VisualStudioVersion = 15.0.28307.902
MinimumVisualStudioVersion = 10.0.40219.1
Project("{9A19103F-16F7-4668-BE54-9A1E7A4F7556}") = "Unittest", "Unittest\Unittest.csproj", "{474619BC-A324-4EA7-8298-0686AA9D8A0A}"
EndProject
Project("{FAE04EC0-301F-11D3-BF4B-00C04F79EFBC}") = "NUnitTestProject2", "NUnitTestProject2\NUnitTestProject2.csproj", "{562EAFA7-989D-4884-837E-3697B180BDAB}"
EndProject
Global
	GlobalSection(SolutionConfigurationPlatforms) = preSolution
		Debug|Any CPU = Debug|Any CPU
		Release|Any CPU = Release|Any CPU
	EndGlobalSection
	GlobalSection(ProjectConfigurationPlatforms) = postSolution
		{474619BC-A324-4EA7-8298-0686AA9D8A0A}.Debug|Any CPU.ActiveCfg = Debug|Any CPU
		{474619BC-A324-4EA7-8298-0686AA9D8A0A}.Debug|Any CPU.Build.0 = Debug|Any CPU
		{474619BC-A324-4EA7-8298-0686AA9D8A0A}.Release|Any CPU.ActiveCfg = Release|Any CPU
		{474619BC-A324-4EA7-8298-0686AA9D8A0A}.Release|Any CPU.Build.0 = Release|Any CPU
		{562EAFA7-989D-4884-837E-3697B180BDAB}.Debug|Any CPU.ActiveCfg = Debug|Any CPU
		{562EAFA7-989D-4884-837E-3697B180BDAB}.Debug|Any CPU.Build.0 = Debug|Any CPU
		{562EAFA7-989D-4884-837E-3697B180BDAB}.Release|Any CPU.ActiveCfg = Release|Any CPU
		{562EAFA7-989D-4884-837E-3697B180BDAB}.Release|Any CPU.Build.0 = Release|Any CPU
	EndGlobalSection
	GlobalSection(SolutionProperties) = preSolution
		HideSolutionNode = FALSE
	EndGlobalSection
	GlobalSection(ExtensibilityGlobals) = postSolution
		SolutionGuid = {185FDA0A-12CA-437C-A083-9DE356F8BBBD}
	EndGlobalSection
EndGlobal
